
Microsoft Visual Studio Solution File, Format Version 12.00
# Visual Studio Version 17
VisualStudioVersion = 17.14.36408.4
MinimumVisualStudioVersion = 10.0.40219.1
Project("{2150E333-8FDC-42A3-9474-1A3956D46DE8}") = "src", "src", "{02EA681E-C7D8-13C7-8484-4AC65E1B71E8}"
EndProject
Project("{2150E333-8FDC-42A3-9474-1A3956D46DE8}") = "tests", "tests", "{F701F347-CD63-4905-B13A-B40C1F1FAA02}"
EndProject
Project("{2150E333-8FDC-42A3-9474-1A3956D46DE8}") = "Api", "Api", "{EC7E1F04-ECC7-425A-A01A-7989CD0E4600}"
EndProject
Project("{2150E333-8FDC-42A3-9474-1A3956D46DE8}") = "Domain", "Domain", "{5AE2D975-6C7D-43AE-8A48-8B3E5AD7C856}"
EndProject
Project("{FAE04EC0-301F-11D3-BF4B-00C04F79EFBC}") = "ToDoMvpApp.Domain", "ToDoMvpApp.Domain\ToDoMvpApp.Domain.csproj", "{CF1DC2C8-26B2-4550-A2E0-C40C6711ECF2}"
EndProject
Project("{2150E333-8FDC-42A3-9474-1A3956D46DE8}") = "Shared", "Shared", "{328D6775-2305-436C-A695-D5BBD62097D1}"
EndProject
Project("{FAE04EC0-301F-11D3-BF4B-00C04F79EFBC}") = "ToDoMvpApp.Common", "ToDoMvpApp.Common\ToDoMvpApp.Common.csproj", "{92965C10-122D-4425-B10B-EA6A655B3D19}"
EndProject
Project("{2150E333-8FDC-42A3-9474-1A3956D46DE8}") = "Infrastructure", "Infrastructure", "{2E0E81BC-21CC-4CA4-82BB-376B9DAABB51}"
EndProject
Project("{FAE04EC0-301F-11D3-BF4B-00C04F79EFBC}") = "ToDoMvpApp.Infrastructure", "ToDoMvpApp.Infrastructure\ToDoMvpApp.Infrastructure.csproj", "{6B057744-08A0-43D2-BFF0-1558363B2DC0}"
EndProject
Project("{2150E333-8FDC-42A3-9474-1A3956D46DE8}") = "Application", "Application", "{BB27B64E-0E2D-4E16-9F20-6320912613B8}"
EndProject
Global
	GlobalSection(SolutionConfigurationPlatforms) = preSolution
		Debug|Any CPU = Debug|Any CPU
		Release|Any CPU = Release|Any CPU
	EndGlobalSection
	GlobalSection(ProjectConfigurationPlatforms) = postSolution
		{CF1DC2C8-26B2-4550-A2E0-C40C6711ECF2}.Debug|Any CPU.ActiveCfg = Debug|Any CPU
		{CF1DC2C8-26B2-4550-A2E0-C40C6711ECF2}.Debug|Any CPU.Build.0 = Debug|Any CPU
		{CF1DC2C8-26B2-4550-A2E0-C40C6711ECF2}.Release|Any CPU.ActiveCfg = Release|Any CPU
		{CF1DC2C8-26B2-4550-A2E0-C40C6711ECF2}.Release|Any CPU.Build.0 = Release|Any CPU
		{92965C10-122D-4425-B10B-EA6A655B3D19}.Debug|Any CPU.ActiveCfg = Debug|Any CPU
		{92965C10-122D-4425-B10B-EA6A655B3D19}.Debug|Any CPU.Build.0 = Debug|Any CPU
		{92965C10-122D-4425-B10B-EA6A655B3D19}.Release|Any CPU.ActiveCfg = Release|Any CPU
		{92965C10-122D-4425-B10B-EA6A655B3D19}.Release|Any CPU.Build.0 = Release|Any CPU
		{6B057744-08A0-43D2-BFF0-1558363B2DC0}.Debug|Any CPU.ActiveCfg = Debug|Any CPU
		{6B057744-08A0-43D2-BFF0-1558363B2DC0}.Debug|Any CPU.Build.0 = Debug|Any CPU
		{6B057744-08A0-43D2-BFF0-1558363B2DC0}.Release|Any CPU.ActiveCfg = Release|Any CPU
		{6B057744-08A0-43D2-BFF0-1558363B2DC0}.Release|Any CPU.Build.0 = Release|Any CPU
	EndGlobalSection
	GlobalSection(SolutionProperties) = preSolution
		HideSolutionNode = FALSE
	EndGlobalSection
	GlobalSection(NestedProjects) = preSolution
		{EC7E1F04-ECC7-425A-A01A-7989CD0E4600} = {02EA681E-C7D8-13C7-8484-4AC65E1B71E8}
		{5AE2D975-6C7D-43AE-8A48-8B3E5AD7C856} = {02EA681E-C7D8-13C7-8484-4AC65E1B71E8}
		{CF1DC2C8-26B2-4550-A2E0-C40C6711ECF2} = {5AE2D975-6C7D-43AE-8A48-8B3E5AD7C856}
		{328D6775-2305-436C-A695-D5BBD62097D1} = {02EA681E-C7D8-13C7-8484-4AC65E1B71E8}
		{92965C10-122D-4425-B10B-EA6A655B3D19} = {328D6775-2305-436C-A695-D5BBD62097D1}
		{2E0E81BC-21CC-4CA4-82BB-376B9DAABB51} = {02EA681E-C7D8-13C7-8484-4AC65E1B71E8}
		{6B057744-08A0-43D2-BFF0-1558363B2DC0} = {2E0E81BC-21CC-4CA4-82BB-376B9DAABB51}
		{BB27B64E-0E2D-4E16-9F20-6320912613B8} = {02EA681E-C7D8-13C7-8484-4AC65E1B71E8}
	EndGlobalSection
	GlobalSection(ExtensibilityGlobals) = postSolution
		SolutionGuid = {AA478484-8AFD-4CC0-8B4C-815F3016A11A}
	EndGlobalSection
EndGlobal
